// !$*UTF8*$!
{
	archiveVersion = 1;
	classes = {
	};
	objectVersion = 46;
	objects = {

/* Begin PBXBuildFile section */
		8F0C0FAE1F0C00B200EFBC89 /* AppDelegate.swift in Sources */ = {isa = PBXBuildFile; fileRef = 8F0C0FAD1F0C00B200EFBC89 /* AppDelegate.swift */; };
		8F0C0FB01F0C00B200EFBC89 /* ViewController.swift in Sources */ = {isa = PBXBuildFile; fileRef = 8F0C0FAF1F0C00B200EFBC89 /* ViewController.swift */; };
		8F0C0FB31F0C00B200EFBC89 /* Main.storyboard in Resources */ = {isa = PBXBuildFile; fileRef = 8F0C0FB11F0C00B200EFBC89 /* Main.storyboard */; };
		8F0C0FB51F0C00B200EFBC89 /* Assets.xcassets in Resources */ = {isa = PBXBuildFile; fileRef = 8F0C0FB41F0C00B200EFBC89 /* Assets.xcassets */; };
		8F0C0FB81F0C00B200EFBC89 /* LaunchScreen.storyboard in Resources */ = {isa = PBXBuildFile; fileRef = 8F0C0FB61F0C00B200EFBC89 /* LaunchScreen.storyboard */; };
		8F0C0FC31F0C00B200EFBC89 /* DestroyTheWorldTests.swift in Sources */ = {isa = PBXBuildFile; fileRef = 8F0C0FC21F0C00B200EFBC89 /* DestroyTheWorldTests.swift */; };
		8F0C0FCE1F0C00B200EFBC89 /* DestroyTheWorldUITests.swift in Sources */ = {isa = PBXBuildFile; fileRef = 8F0C0FCD1F0C00B200EFBC89 /* DestroyTheWorldUITests.swift */; };
/* End PBXBuildFile section */

/* Begin PBXContainerItemProxy section */
		8F0C0FBF1F0C00B200EFBC89 /* PBXContainerItemProxy */ = {
			isa = PBXContainerItemProxy;
			containerPortal = 8F0C0FA21F0C00B200EFBC89 /* Project object */;
			proxyType = 1;
			remoteGlobalIDString = 8F0C0FA91F0C00B200EFBC89;
			remoteInfo = DestroyTheWorld;
		};
		8F0C0FCA1F0C00B200EFBC89 /* PBXContainerItemProxy */ = {
			isa = PBXContainerItemProxy;
			containerPortal = 8F0C0FA21F0C00B200EFBC89 /* Project object */;
			proxyType = 1;
			remoteGlobalIDString = 8F0C0FA91F0C00B200EFBC89;
			remoteInfo = DestroyTheWorld;
		};
/* End PBXContainerItemProxy section */

/* Begin PBXFileReference section */
		8F0C0FAA1F0C00B200EFBC89 /* DestroyTheWorld.app */ = {isa = PBXFileReference; explicitFileType = wrapper.application; includeInIndex = 0; path = DestroyTheWorld.app; sourceTree = BUILT_PRODUCTS_DIR; };
		8F0C0FAD1F0C00B200EFBC89 /* AppDelegate.swift */ = {isa = PBXFileReference; lastKnownFileType = sourcecode.swift; path = AppDelegate.swift; sourceTree = "<group>"; };
		8F0C0FAF1F0C00B200EFBC89 /* ViewController.swift */ = {isa = PBXFileReference; lastKnownFileType = sourcecode.swift; path = ViewController.swift; sourceTree = "<group>"; };
		8F0C0FB21F0C00B200EFBC89 /* Base */ = {isa = PBXFileReference; lastKnownFileType = file.storyboard; name = Base; path = Base.lproj/Main.storyboard; sourceTree = "<group>"; };
		8F0C0FB41F0C00B200EFBC89 /* Assets.xcassets */ = {isa = PBXFileReference; lastKnownFileType = folder.assetcatalog; path = Assets.xcassets; sourceTree = "<group>"; };
		8F0C0FB71F0C00B200EFBC89 /* Base */ = {isa = PBXFileReference; lastKnownFileType = file.storyboard; name = Base; path = Base.lproj/LaunchScreen.storyboard; sourceTree = "<group>"; };
		8F0C0FB91F0C00B200EFBC89 /* Info.plist */ = {isa = PBXFileReference; lastKnownFileType = text.plist.xml; path = Info.plist; sourceTree = "<group>"; };
		8F0C0FBE1F0C00B200EFBC89 /* DestroyTheWorldTests.xctest */ = {isa = PBXFileReference; explicitFileType = wrapper.cfbundle; includeInIndex = 0; path = DestroyTheWorldTests.xctest; sourceTree = BUILT_PRODUCTS_DIR; };
		8F0C0FC21F0C00B200EFBC89 /* DestroyTheWorldTests.swift */ = {isa = PBXFileReference; lastKnownFileType = sourcecode.swift; path = DestroyTheWorldTests.swift; sourceTree = "<group>"; };
		8F0C0FC41F0C00B200EFBC89 /* Info.plist */ = {isa = PBXFileReference; lastKnownFileType = text.plist.xml; path = Info.plist; sourceTree = "<group>"; };
		8F0C0FC91F0C00B200EFBC89 /* DestroyTheWorldUITests.xctest */ = {isa = PBXFileReference; explicitFileType = wrapper.cfbundle; includeInIndex = 0; path = DestroyTheWorldUITests.xctest; sourceTree = BUILT_PRODUCTS_DIR; };
		8F0C0FCD1F0C00B200EFBC89 /* DestroyTheWorldUITests.swift */ = {isa = PBXFileReference; lastKnownFileType = sourcecode.swift; path = DestroyTheWorldUITests.swift; sourceTree = "<group>"; };
		8F0C0FCF1F0C00B200EFBC89 /* Info.plist */ = {isa = PBXFileReference; lastKnownFileType = text.plist.xml; path = Info.plist; sourceTree = "<group>"; };
/* End PBXFileReference section */

/* Begin PBXFrameworksBuildPhase section */
		8F0C0FA71F0C00B200EFBC89 /* Frameworks */ = {
			isa = PBXFrameworksBuildPhase;
			buildActionMask = 2147483647;
			files = (
			);
			runOnlyForDeploymentPostprocessing = 0;
		};
		8F0C0FBB1F0C00B200EFBC89 /* Frameworks */ = {
			isa = PBXFrameworksBuildPhase;
			buildActionMask = 2147483647;
			files = (
			);
			runOnlyForDeploymentPostprocessing = 0;
		};
		8F0C0FC61F0C00B200EFBC89 /* Frameworks */ = {
			isa = PBXFrameworksBuildPhase;
			buildActionMask = 2147483647;
			files = (
			);
			runOnlyForDeploymentPostprocessing = 0;
		};
/* End PBXFrameworksBuildPhase section */

/* Begin PBXGroup section */
		8F0C0FA11F0C00B200EFBC89 = {
			isa = PBXGroup;
			children = (
				8F0C0FAC1F0C00B200EFBC89 /* DestroyTheWorld */,
				8F0C0FC11F0C00B200EFBC89 /* DestroyTheWorldTests */,
				8F0C0FCC1F0C00B200EFBC89 /* DestroyTheWorldUITests */,
				8F0C0FAB1F0C00B200EFBC89 /* Products */,
			);
			sourceTree = "<group>";
		};
		8F0C0FAB1F0C00B200EFBC89 /* Products */ = {
			isa = PBXGroup;
			children = (
				8F0C0FAA1F0C00B200EFBC89 /* DestroyTheWorld.app */,
				8F0C0FBE1F0C00B200EFBC89 /* DestroyTheWorldTests.xctest */,
				8F0C0FC91F0C00B200EFBC89 /* DestroyTheWorldUITests.xctest */,
			);
			name = Products;
			sourceTree = "<group>";
		};
		8F0C0FAC1F0C00B200EFBC89 /* DestroyTheWorld */ = {
			isa = PBXGroup;
			children = (
				8F0C0FAD1F0C00B200EFBC89 /* AppDelegate.swift */,
				8F0C0FAF1F0C00B200EFBC89 /* ViewController.swift */,
				8F0C0FB11F0C00B200EFBC89 /* Main.storyboard */,
				8F0C0FB41F0C00B200EFBC89 /* Assets.xcassets */,
				8F0C0FB61F0C00B200EFBC89 /* LaunchScreen.storyboard */,
				8F0C0FB91F0C00B200EFBC89 /* Info.plist */,
			);
			path = DestroyTheWorld;
			sourceTree = "<group>";
		};
		8F0C0FC11F0C00B200EFBC89 /* DestroyTheWorldTests */ = {
			isa = PBXGroup;
			children = (
				8F0C0FC21F0C00B200EFBC89 /* DestroyTheWorldTests.swift */,
				8F0C0FC41F0C00B200EFBC89 /* Info.plist */,
			);
			path = DestroyTheWorldTests;
			sourceTree = "<group>";
		};
		8F0C0FCC1F0C00B200EFBC89 /* DestroyTheWorldUITests */ = {
			isa = PBXGroup;
			children = (
				8F0C0FCD1F0C00B200EFBC89 /* DestroyTheWorldUITests.swift */,
				8F0C0FCF1F0C00B200EFBC89 /* Info.plist */,
			);
			path = DestroyTheWorldUITests;
			sourceTree = "<group>";
		};
/* End PBXGroup section */

/* Begin PBXNativeTarget section */
		8F0C0FA91F0C00B200EFBC89 /* DestroyTheWorld */ = {
			isa = PBXNativeTarget;
			buildConfigurationList = 8F0C0FD21F0C00B200EFBC89 /* Build configuration list for PBXNativeTarget "DestroyTheWorld" */;
			buildPhases = (
				8F0C0FA61F0C00B200EFBC89 /* Sources */,
				8F0C0FA71F0C00B200EFBC89 /* Frameworks */,
				8F0C0FA81F0C00B200EFBC89 /* Resources */,
			);
			buildRules = (
			);
			dependencies = (
			);
			name = DestroyTheWorld;
			productName = DestroyTheWorld;
			productReference = 8F0C0FAA1F0C00B200EFBC89 /* DestroyTheWorld.app */;
			productType = "com.apple.product-type.application";
		};
		8F0C0FBD1F0C00B200EFBC89 /* DestroyTheWorldTests */ = {
			isa = PBXNativeTarget;
			buildConfigurationList = 8F0C0FD51F0C00B200EFBC89 /* Build configuration list for PBXNativeTarget "DestroyTheWorldTests" */;
			buildPhases = (
				8F0C0FBA1F0C00B200EFBC89 /* Sources */,
				8F0C0FBB1F0C00B200EFBC89 /* Frameworks */,
				8F0C0FBC1F0C00B200EFBC89 /* Resources */,
			);
			buildRules = (
			);
			dependencies = (
				8F0C0FC01F0C00B200EFBC89 /* PBXTargetDependency */,
			);
			name = DestroyTheWorldTests;
			productName = DestroyTheWorldTests;
			productReference = 8F0C0FBE1F0C00B200EFBC89 /* DestroyTheWorldTests.xctest */;
			productType = "com.apple.product-type.bundle.unit-test";
		};
		8F0C0FC81F0C00B200EFBC89 /* DestroyTheWorldUITests */ = {
			isa = PBXNativeTarget;
			buildConfigurationList = 8F0C0FD81F0C00B200EFBC89 /* Build configuration list for PBXNativeTarget "DestroyTheWorldUITests" */;
			buildPhases = (
				8F0C0FC51F0C00B200EFBC89 /* Sources */,
				8F0C0FC61F0C00B200EFBC89 /* Frameworks */,
				8F0C0FC71F0C00B200EFBC89 /* Resources */,
			);
			buildRules = (
			);
			dependencies = (
				8F0C0FCB1F0C00B200EFBC89 /* PBXTargetDependency */,
			);
			name = DestroyTheWorldUITests;
			productName = DestroyTheWorldUITests;
			productReference = 8F0C0FC91F0C00B200EFBC89 /* DestroyTheWorldUITests.xctest */;
			productType = "com.apple.product-type.bundle.ui-testing";
		};
/* End PBXNativeTarget section */

/* Begin PBXProject section */
		8F0C0FA21F0C00B200EFBC89 /* Project object */ = {
			isa = PBXProject;
			attributes = {
				LastSwiftUpdateCheck = 0820;
				LastUpgradeCheck = 0820;
				ORGANIZATIONNAME = naveen;
				TargetAttributes = {
					8F0C0FA91F0C00B200EFBC89 = {
						CreatedOnToolsVersion = 8.2;
						ProvisioningStyle = Automatic;
					};
					8F0C0FBD1F0C00B200EFBC89 = {
						CreatedOnToolsVersion = 8.2;
						ProvisioningStyle = Automatic;
						TestTargetID = 8F0C0FA91F0C00B200EFBC89;
					};
					8F0C0FC81F0C00B200EFBC89 = {
						CreatedOnToolsVersion = 8.2;
						ProvisioningStyle = Automatic;
						TestTargetID = 8F0C0FA91F0C00B200EFBC89;
					};
				};
			};
			buildConfigurationList = 8F0C0FA51F0C00B200EFBC89 /* Build configuration list for PBXProject "DestroyTheWorld" */;
			compatibilityVersion = "Xcode 3.2";
			developmentRegion = English;
			hasScannedForEncodings = 0;
			knownRegions = (
				en,
				Base,
			);
			mainGroup = 8F0C0FA11F0C00B200EFBC89;
			productRefGroup = 8F0C0FAB1F0C00B200EFBC89 /* Products */;
			projectDirPath = "";
			projectRoot = "";
			targets = (
				8F0C0FA91F0C00B200EFBC89 /* DestroyTheWorld */,
				8F0C0FBD1F0C00B200EFBC89 /* DestroyTheWorldTests */,
				8F0C0FC81F0C00B200EFBC89 /* DestroyTheWorldUITests */,
			);
		};
/* End PBXProject section */

/* Begin PBXResourcesBuildPhase section */
		8F0C0FA81F0C00B200EFBC89 /* Resources */ = {
			isa = PBXResourcesBuildPhase;
			buildActionMask = 2147483647;
			files = (
				8F0C0FB81F0C00B200EFBC89 /* LaunchScreen.storyboard in Resources */,
				8F0C0FB51F0C00B200EFBC89 /* Assets.xcassets in Resources */,
				8F0C0FB31F0C00B200EFBC89 /* Main.storyboard in Resources */,
			);
			runOnlyForDeploymentPostprocessing = 0;
		};
		8F0C0FBC1F0C00B200EFBC89 /* Resources */ = {
			isa = PBXResourcesBuildPhase;
			buildActionMask = 2147483647;
			files = (
			);
			runOnlyForDeploymentPostprocessing = 0;
		};
		8F0C0FC71F0C00B200EFBC89 /* Resources */ = {
			isa = PBXResourcesBuildPhase;
			buildActionMask = 2147483647;
			files = (
			);
			runOnlyForDeploymentPostprocessing = 0;
		};
/* End PBXResourcesBuildPhase section */

/* Begin PBXSourcesBuildPhase section */
		8F0C0FA61F0C00B200EFBC89 /* Sources */ = {
			isa = PBXSourcesBuildPhase;
			buildActionMask = 2147483647;
			files = (
				8F0C0FB01F0C00B200EFBC89 /* ViewController.swift in Sources */,
				8F0C0FAE1F0C00B200EFBC89 /* AppDelegate.swift in Sources */,
			);
			runOnlyForDeploymentPostprocessing = 0;
		};
		8F0C0FBA1F0C00B200EFBC89 /* Sources */ = {
			isa = PBXSourcesBuildPhase;
			buildActionMask = 2147483647;
			files = (
				8F0C0FC31F0C00B200EFBC89 /* DestroyTheWorldTests.swift in Sources */,
			);
			runOnlyForDeploymentPostprocessing = 0;
		};
		8F0C0FC51F0C00B200EFBC89 /* Sources */ = {
			isa = PBXSourcesBuildPhase;
			buildActionMask = 2147483647;
			files = (
				8F0C0FCE1F0C00B200EFBC89 /* DestroyTheWorldUITests.swift in Sources */,
			);
			runOnlyForDeploymentPostprocessing = 0;
		};
/* End PBXSourcesBuildPhase section */

/* Begin PBXTargetDependency section */
		8F0C0FC01F0C00B200EFBC89 /* PBXTargetDependency */ = {
			isa = PBXTargetDependency;
			target = 8F0C0FA91F0C00B200EFBC89 /* DestroyTheWorld */;
			targetProxy = 8F0C0FBF1F0C00B200EFBC89 /* PBXContainerItemProxy */;
		};
		8F0C0FCB1F0C00B200EFBC89 /* PBXTargetDependency */ = {
			isa = PBXTargetDependency;
			target = 8F0C0FA91F0C00B200EFBC89 /* DestroyTheWorld */;
			targetProxy = 8F0C0FCA1F0C00B200EFBC89 /* PBXContainerItemProxy */;
		};
/* End PBXTargetDependency section */

/* Begin PBXVariantGroup section */
		8F0C0FB11F0C00B200EFBC89 /* Main.storyboard */ = {
			isa = PBXVariantGroup;
			children = (
				8F0C0FB21F0C00B200EFBC89 /* Base */,
			);
			name = Main.storyboard;
			sourceTree = "<group>";
		};
		8F0C0FB61F0C00B200EFBC89 /* LaunchScreen.storyboard */ = {
			isa = PBXVariantGroup;
			children = (
				8F0C0FB71F0C00B200EFBC89 /* Base */,
			);
			name = LaunchScreen.storyboard;
			sourceTree = "<group>";
		};
/* End PBXVariantGroup section */

/* Begin XCBuildConfiguration section */
		8F0C0FD01F0C00B200EFBC89 /* Debug */ = {
			isa = XCBuildConfiguration;
			buildSettings = {
				ALWAYS_SEARCH_USER_PATHS = NO;
				CLANG_ANALYZER_NONNULL = YES;
				CLANG_CXX_LANGUAGE_STANDARD = "gnu++0x";
				CLANG_CXX_LIBRARY = "libc++";
				CLANG_ENABLE_MODULES = YES;
				CLANG_ENABLE_OBJC_ARC = YES;
				CLANG_WARN_BOOL_CONVERSION = YES;
				CLANG_WARN_CONSTANT_CONVERSION = YES;
				CLANG_WARN_DIRECT_OBJC_ISA_USAGE = YES_ERROR;
				CLANG_WARN_DOCUMENTATION_COMMENTS = YES;
				CLANG_WARN_EMPTY_BODY = YES;
				CLANG_WARN_ENUM_CONVERSION = YES;
				CLANG_WARN_INFINITE_RECURSION = YES;
				CLANG_WARN_INT_CONVERSION = YES;
				CLANG_WARN_OBJC_ROOT_CLASS = YES_ERROR;
				CLANG_WARN_SUSPICIOUS_MOVE = YES;
				CLANG_WARN_UNREACHABLE_CODE = YES;
				CLANG_WARN__DUPLICATE_METHOD_MATCH = YES;
				"CODE_SIGN_IDENTITY[sdk=iphoneos*]" = "iPhone Developer";
				COPY_PHASE_STRIP = NO;
				DEBUG_INFORMATION_FORMAT = dwarf;
				ENABLE_STRICT_OBJC_MSGSEND = YES;
				ENABLE_TESTABILITY = YES;
				GCC_C_LANGUAGE_STANDARD = gnu99;
				GCC_DYNAMIC_NO_PIC = NO;
				GCC_NO_COMMON_BLOCKS = YES;
				GCC_OPTIMIZATION_LEVEL = 0;
				GCC_PREPROCESSOR_DEFINITIONS = (
					"DEBUG=1",
					"$(inherited)",
				);
				GCC_WARN_64_TO_32_BIT_CONVERSION = YES;
				GCC_WARN_ABOUT_RETURN_TYPE = YES_ERROR;
				GCC_WARN_UNDECLARED_SELECTOR = YES;
				GCC_WARN_UNINITIALIZED_AUTOS = YES_AGGRESSIVE;
				GCC_WARN_UNUSED_FUNCTION = YES;
				GCC_WARN_UNUSED_VARIABLE = YES;
				IPHONEOS_DEPLOYMENT_TARGET = 10.2;
				MTL_ENABLE_DEBUG_INFO = YES;
				ONLY_ACTIVE_ARCH = YES;
				SDKROOT = iphoneos;
				SWIFT_ACTIVE_COMPILATION_CONDITIONS = DEBUG;
				SWIFT_OPTIMIZATION_LEVEL = "-Onone";
				TARGETED_DEVICE_FAMILY = "1,2";
			};
			name = Debug;
		};
		8F0C0FD11F0C00B200EFBC89 /* Release */ = {
			isa = XCBuildConfiguration;
			buildSettings = {
				ALWAYS_SEARCH_USER_PATHS = NO;
				CLANG_ANALYZER_NONNULL = YES;
				CLANG_CXX_LANGUAGE_STANDARD = "gnu++0x";
				CLANG_CXX_LIBRARY = "libc++";
				CLANG_ENABLE_MODULES = YES;
				CLANG_ENABLE_OBJC_ARC = YES;
				CLANG_WARN_BOOL_CONVERSION = YES;
				CLANG_WARN_CONSTANT_CONVERSION = YES;
				CLANG_WARN_DIRECT_OBJC_ISA_USAGE = YES_ERROR;
				CLANG_WARN_DOCUMENTATION_COMMENTS = YES;
				CLANG_WARN_EMPTY_BODY = YES;
				CLANG_WARN_ENUM_CONVERSION = YES;
				CLANG_WARN_INFINITE_RECURSION = YES;
				CLANG_WARN_INT_CONVERSION = YES;
				CLANG_WARN_OBJC_ROOT_CLASS = YES_ERROR;
				CLANG_WARN_SUSPICIOUS_MOVE = YES;
				CLANG_WARN_UNREACHABLE_CODE = YES;
				CLANG_WARN__DUPLICATE_METHOD_MATCH = YES;
				"CODE_SIGN_IDENTITY[sdk=iphoneos*]" = "iPhone Developer";
				COPY_PHASE_STRIP = NO;
				DEBUG_INFORMATION_FORMAT = "dwarf-with-dsym";
				ENABLE_NS_ASSERTIONS = NO;
				ENABLE_STRICT_OBJC_MSGSEND = YES;
				GCC_C_LANGUAGE_STANDARD = gnu99;
				GCC_NO_COMMON_BLOCKS = YES;
				GCC_WARN_64_TO_32_BIT_CONVERSION = YES;
				GCC_WARN_ABOUT_RETURN_TYPE = YES_ERROR;
				GCC_WARN_UNDECLARED_SELECTOR = YES;
				GCC_WARN_UNINITIALIZED_AUTOS = YES_AGGRESSIVE;
				GCC_WARN_UNUSED_FUNCTION = YES;
				GCC_WARN_UNUSED_VARIABLE = YES;
				IPHONEOS_DEPLOYMENT_TARGET = 10.2;
				MTL_ENABLE_DEBUG_INFO = NO;
				SDKROOT = iphoneos;
				SWIFT_OPTIMIZATION_LEVEL = "-Owholemodule";
				TARGETED_DEVICE_FAMILY = "1,2";
				VALIDATE_PRODUCT = YES;
			};
			name = Release;
		};
		8F0C0FD31F0C00B200EFBC89 /* Debug */ = {
			isa = XCBuildConfiguration;
			buildSettings = {
				ASSETCATALOG_COMPILER_APPICON_NAME = AppIcon;
				INFOPLIST_FILE = DestroyTheWorld/Info.plist;
				LD_RUNPATH_SEARCH_PATHS = "$(inherited) @executable_path/Frameworks";
				PRODUCT_BUNDLE_IDENTIFIER = com.naveen.DestroyTheWorld;
				PRODUCT_NAME = "$(TARGET_NAME)";
				SWIFT_VERSION = 3.0;
			};
			name = Debug;
		};
		8F0C0FD41F0C00B200EFBC89 /* Release */ = {
			isa = XCBuildConfiguration;
			buildSettings = {
				ASSETCATALOG_COMPILER_APPICON_NAME = AppIcon;
				INFOPLIST_FILE = DestroyTheWorld/Info.plist;
				LD_RUNPATH_SEARCH_PATHS = "$(inherited) @executable_path/Frameworks";
				PRODUCT_BUNDLE_IDENTIFIER = com.naveen.DestroyTheWorld;
				PRODUCT_NAME = "$(TARGET_NAME)";
				SWIFT_VERSION = 3.0;
			};
			name = Release;
		};
		8F0C0FD61F0C00B200EFBC89 /* Debug */ = {
			isa = XCBuildConfiguration;
			buildSettings = {
				ALWAYS_EMBED_SWIFT_STANDARD_LIBRARIES = YES;
				BUNDLE_LOADER = "$(TEST_HOST)";
				INFOPLIST_FILE = DestroyTheWorldTests/Info.plist;
				LD_RUNPATH_SEARCH_PATHS = "$(inherited) @executable_path/Frameworks @loader_path/Frameworks";
				PRODUCT_BUNDLE_IDENTIFIER = com.naveen.DestroyTheWorldTests;
				PRODUCT_NAME = "$(TARGET_NAME)";
				SWIFT_VERSION = 3.0;
				TEST_HOST = "$(BUILT_PRODUCTS_DIR)/DestroyTheWorld.app/DestroyTheWorld";
			};
			name = Debug;
		};
		8F0C0FD71F0C00B200EFBC89 /* Release */ = {
			isa = XCBuildConfiguration;
			buildSettings = {
				ALWAYS_EMBED_SWIFT_STANDARD_LIBRARIES = YES;
				BUNDLE_LOADER = "$(TEST_HOST)";
				INFOPLIST_FILE = DestroyTheWorldTests/Info.plist;
				LD_RUNPATH_SEARCH_PATHS = "$(inherited) @executable_path/Frameworks @loader_path/Frameworks";
				PRODUCT_BUNDLE_IDENTIFIER = com.naveen.DestroyTheWorldTests;
				PRODUCT_NAME = "$(TARGET_NAME)";
				SWIFT_VERSION = 3.0;
				TEST_HOST = "$(BUILT_PRODUCTS_DIR)/DestroyTheWorld.app/DestroyTheWorld";
			};
			name = Release;
		};
		8F0C0FD91F0C00B200EFBC89 /* Debug */ = {
			isa = XCBuildConfiguration;
			buildSettings = {
				ALWAYS_EMBED_SWIFT_STANDARD_LIBRARIES = YES;
				INFOPLIST_FILE = DestroyTheWorldUITests/Info.plist;
				LD_RUNPATH_SEARCH_PATHS = "$(inherited) @executable_path/Frameworks @loader_path/Frameworks";
				PRODUCT_BUNDLE_IDENTIFIER = com.naveen.DestroyTheWorldUITests;
				PRODUCT_NAME = "$(TARGET_NAME)";
				SWIFT_VERSION = 3.0;
				TEST_TARGET_NAME = DestroyTheWorld;
			};
			name = Debug;
		};
		8F0C0FDA1F0C00B200EFBC89 /* Release */ = {
			isa = XCBuildConfiguration;
			buildSettings = {
				ALWAYS_EMBED_SWIFT_STANDARD_LIBRARIES = YES;
				INFOPLIST_FILE = DestroyTheWorldUITests/Info.plist;
				LD_RUNPATH_SEARCH_PATHS = "$(inherited) @executable_path/Frameworks @loader_path/Frameworks";
				PRODUCT_BUNDLE_IDENTIFIER = com.naveen.DestroyTheWorldUITests;
				PRODUCT_NAME = "$(TARGET_NAME)";
				SWIFT_VERSION = 3.0;
				TEST_TARGET_NAME = DestroyTheWorld;
			};
			name = Release;
		};
/* End XCBuildConfiguration section */

/* Begin XCConfigurationList section */
		8F0C0FA51F0C00B200EFBC89 /* Build configuration list for PBXProject "DestroyTheWorld" */ = {
			isa = XCConfigurationList;
			buildConfigurations = (
				8F0C0FD01F0C00B200EFBC89 /* Debug */,
				8F0C0FD11F0C00B200EFBC89 /* Release */,
			);
			defaultConfigurationIsVisible = 0;
			defaultConfigurationName = Release;
		};
		8F0C0FD21F0C00B200EFBC89 /* Build configuration list for PBXNativeTarget "DestroyTheWorld" */ = {
			isa = XCConfigurationList;
			buildConfigurations = (
				8F0C0FD31F0C00B200EFBC89 /* Debug */,
				8F0C0FD41F0C00B200EFBC89 /* Release */,
			);
			defaultConfigurationIsVisible = 0;
		};
		8F0C0FD51F0C00B200EFBC89 /* Build configuration list for PBXNativeTarget "DestroyTheWorldTests" */ = {
			isa = XCConfigurationList;
			buildConfigurations = (
				8F0C0FD61F0C00B200EFBC89 /* Debug */,
				8F0C0FD71F0C00B200EFBC89 /* Release */,
			);
			defaultConfigurationIsVisible = 0;
		};
		8F0C0FD81F0C00B200EFBC89 /* Build configuration list for PBXNativeTarget "DestroyTheWorldUITests" */ = {
			isa = XCConfigurationList;
			buildConfigurations = (
				8F0C0FD91F0C00B200EFBC89 /* Debug */,
				8F0C0FDA1F0C00B200EFBC89 /* Release */,
			);
			defaultConfigurationIsVisible = 0;
		};
/* End XCConfigurationList section */
	};
	rootObject = 8F0C0FA21F0C00B200EFBC89 /* Project object */;
}
